
Microsoft Visual Studio Solution File, Format Version 12.00
# Visual Studio 11
Project("{FAE04EC0-301F-11D3-BF4B-00C04F79EFBC}") = "1WUpdReq1", "1WUpdReq1\1WUpdReq1.csproj", "{A8F578F4-5A5E-40CA-944F-91AA7009202F}"
EndProject
Project("{FAE04EC0-301F-11D3-BF4B-00C04F79EFBC}") = "MinorUpdateReq1", "MinorUpdateReq1\MinorUpdateReq1.csproj", "{591EAAB5-17BA-474A-AE0E-265A46709C16}"
EndProject
Global
	GlobalSection(SolutionConfigurationPlatforms) = preSolution
		Debug|Any CPU = Debug|Any CPU
		Release|Any CPU = Release|Any CPU
	EndGlobalSection
	GlobalSection(ProjectConfigurationPlatforms) = postSolution
		{591EAAB5-17BA-474A-AE0E-265A46709C16}.Debug|Any CPU.ActiveCfg = Debug|Any CPU
		{591EAAB5-17BA-474A-AE0E-265A46709C16}.Debug|Any CPU.Build.0 = Debug|Any CPU
		{591EAAB5-17BA-474A-AE0E-265A46709C16}.Release|Any CPU.ActiveCfg = Release|Any CPU
		{591EAAB5-17BA-474A-AE0E-265A46709C16}.Release|Any CPU.Build.0 = Release|Any CPU
	EndGlobalSection
	GlobalSection(SolutionProperties) = preSolution
		HideSolutionNode = FALSE
	EndGlobalSection
EndGlobal
